
Microsoft Visual Studio Solution File, Format Version 12.00
# Visual Studio Version 17
VisualStudioVersion = 17.1.32210.238
MinimumVisualStudioVersion = 10.0.40219.1
Project("{FAE04EC0-301F-11D3-BF4B-00C04F79EFBC}") = "Diia.Challenge", "Diia.Challenge\Diia.Challenge.csproj", "{CD390185-D16D-4D1C-B379-42CE0D517E9C}"
EndProject
Global
	GlobalSection(SolutionConfigurationPlatforms) = preSolution
		Debug|Any CPU = Debug|Any CPU
		Release|Any CPU = Release|Any CPU
	EndGlobalSection
	GlobalSection(ProjectConfigurationPlatforms) = postSolution
		{CD390185-D16D-4D1C-B379-42CE0D517E9C}.Debug|Any CPU.ActiveCfg = Debug|Any CPU
		{CD390185-D16D-4D1C-B379-42CE0D517E9C}.Debug|Any CPU.Build.0 = Debug|Any CPU
		{CD390185-D16D-4D1C-B379-42CE0D517E9C}.Release|Any CPU.ActiveCfg = Release|Any CPU
		{CD390185-D16D-4D1C-B379-42CE0D517E9C}.Release|Any CPU.Build.0 = Release|Any CPU
	EndGlobalSection
	GlobalSection(SolutionProperties) = preSolution
		HideSolutionNode = FALSE
	EndGlobalSection
	GlobalSection(ExtensibilityGlobals) = postSolution
		SolutionGuid = {5506A22E-F724-4799-9E7A-B0A4CE681ABD}
	EndGlobalSection
EndGlobal
